
Microsoft Visual Studio Solution File, Format Version 12.00
# Visual Studio 14
VisualStudioVersion = 14.0.25420.1
MinimumVisualStudioVersion = 10.0.40219.1
Project("{FAE04EC0-301F-11D3-BF4B-00C04F79EFBC}") = "Messenger.Model", "Messenger.Model\Messenger.Model.csproj", "{C617D1C2-4A04-455B-B776-3A4866B8EE45}"
EndProject
Project("{FAE04EC0-301F-11D3-BF4B-00C04F79EFBC}") = "Messenger.DataLayer", "Messenger.DataLayer\Messenger.DataLayer.csproj", "{2EF487B9-1E54-4DB3-A96C-52E07BBBAD79}"
EndProject
Project("{FAE04EC0-301F-11D3-BF4B-00C04F79EFBC}") = "Messenger.DataLayer.Sql", "Messenger.DataLayer.Sql\Messenger.DataLayer.Sql.csproj", "{92E58023-641E-4660-95CA-F78231CB0FEB}"
EndProject
Project("{FAE04EC0-301F-11D3-BF4B-00C04F79EFBC}") = "Messenger.DataLayer.Sql.Tests", "Messenger.DataLayer.Sql.Tests\Messenger.DataLayer.Sql.Tests.csproj", "{D85E40C0-ECBF-4379-A8F7-7292AF3CD5C1}"
EndProject
Project("{FAE04EC0-301F-11D3-BF4B-00C04F79EFBC}") = "Messenger.Api", "Messenger.Api\Messenger.Api.csproj", "{A74A0F06-9D53-4AAC-BE1B-D41710D8B564}"
EndProject
Project("{FAE04EC0-301F-11D3-BF4B-00C04F79EFBC}") = "Messenger.Logger", "Messenger.Logger\Messenger.Logger.csproj", "{3DC7795A-F49E-4234-9328-36A283677970}"
EndProject
Project("{FAE04EC0-301F-11D3-BF4B-00C04F79EFBC}") = "Messenger.WinForms", "Messenger.WinForms\Messenger.WinForms.csproj", "{02962B41-5EB9-4C9C-B371-C9FDB2A13A37}"
EndProject
Global
	GlobalSection(SolutionConfigurationPlatforms) = preSolution
		Debug|Any CPU = Debug|Any CPU
		Release|Any CPU = Release|Any CPU
	EndGlobalSection
	GlobalSection(ProjectConfigurationPlatforms) = postSolution
		{C617D1C2-4A04-455B-B776-3A4866B8EE45}.Debug|Any CPU.ActiveCfg = Debug|Any CPU
		{C617D1C2-4A04-455B-B776-3A4866B8EE45}.Debug|Any CPU.Build.0 = Debug|Any CPU
		{C617D1C2-4A04-455B-B776-3A4866B8EE45}.Release|Any CPU.ActiveCfg = Release|Any CPU
		{C617D1C2-4A04-455B-B776-3A4866B8EE45}.Release|Any CPU.Build.0 = Release|Any CPU
		{2EF487B9-1E54-4DB3-A96C-52E07BBBAD79}.Debug|Any CPU.ActiveCfg = Debug|Any CPU
		{2EF487B9-1E54-4DB3-A96C-52E07BBBAD79}.Debug|Any CPU.Build.0 = Debug|Any CPU
		{2EF487B9-1E54-4DB3-A96C-52E07BBBAD79}.Release|Any CPU.ActiveCfg = Release|Any CPU
		{2EF487B9-1E54-4DB3-A96C-52E07BBBAD79}.Release|Any CPU.Build.0 = Release|Any CPU
		{92E58023-641E-4660-95CA-F78231CB0FEB}.Debug|Any CPU.ActiveCfg = Debug|Any CPU
		{92E58023-641E-4660-95CA-F78231CB0FEB}.Debug|Any CPU.Build.0 = Debug|Any CPU
		{92E58023-641E-4660-95CA-F78231CB0FEB}.Release|Any CPU.ActiveCfg = Release|Any CPU
		{92E58023-641E-4660-95CA-F78231CB0FEB}.Release|Any CPU.Build.0 = Release|Any CPU
		{D85E40C0-ECBF-4379-A8F7-7292AF3CD5C1}.Debug|Any CPU.ActiveCfg = Debug|Any CPU
		{D85E40C0-ECBF-4379-A8F7-7292AF3CD5C1}.Debug|Any CPU.Build.0 = Debug|Any CPU
		{D85E40C0-ECBF-4379-A8F7-7292AF3CD5C1}.Release|Any CPU.ActiveCfg = Release|Any CPU
		{D85E40C0-ECBF-4379-A8F7-7292AF3CD5C1}.Release|Any CPU.Build.0 = Release|Any CPU
		{A74A0F06-9D53-4AAC-BE1B-D41710D8B564}.Debug|Any CPU.ActiveCfg = Debug|Any CPU
		{A74A0F06-9D53-4AAC-BE1B-D41710D8B564}.Debug|Any CPU.Build.0 = Debug|Any CPU
		{A74A0F06-9D53-4AAC-BE1B-D41710D8B564}.Release|Any CPU.ActiveCfg = Release|Any CPU
		{A74A0F06-9D53-4AAC-BE1B-D41710D8B564}.Release|Any CPU.Build.0 = Release|Any CPU
		{3DC7795A-F49E-4234-9328-36A283677970}.Debug|Any CPU.ActiveCfg = Debug|Any CPU
		{3DC7795A-F49E-4234-9328-36A283677970}.Debug|Any CPU.Build.0 = Debug|Any CPU
		{3DC7795A-F49E-4234-9328-36A283677970}.Release|Any CPU.ActiveCfg = Release|Any CPU
		{3DC7795A-F49E-4234-9328-36A283677970}.Release|Any CPU.Build.0 = Release|Any CPU
		{02962B41-5EB9-4C9C-B371-C9FDB2A13A37}.Debug|Any CPU.ActiveCfg = Debug|Any CPU
		{02962B41-5EB9-4C9C-B371-C9FDB2A13A37}.Debug|Any CPU.Build.0 = Debug|Any CPU
		{02962B41-5EB9-4C9C-B371-C9FDB2A13A37}.Release|Any CPU.ActiveCfg = Release|Any CPU
		{02962B41-5EB9-4C9C-B371-C9FDB2A13A37}.Release|Any CPU.Build.0 = Release|Any CPU
	EndGlobalSection
	GlobalSection(SolutionProperties) = preSolution
		HideSolutionNode = FALSE
	EndGlobalSection
EndGlobal
